
Microsoft Visual Studio Solution File, Format Version 12.00
# Visual Studio Version 17
VisualStudioVersion = 17.6.33723.286
MinimumVisualStudioVersion = 10.0.40219.1
Project("{FAE04EC0-301F-11D3-BF4B-00C04F79EFBC}") = "VinDecoderSalvageApi", "VinDecoderSalvageApi\VinDecoderSalvageApi.csproj", "{888A3E6F-1F15-41FA-8063-78BA4953E13A}"
EndProject
Project("{FAE04EC0-301F-11D3-BF4B-00C04F79EFBC}") = "VinDecoderSalvageApi.Tests", "VinDecoderSalvageApi.Tests\VinDecoderSalvageApi.Tests.csproj", "{906F74A1-DDCA-431F-9275-BF416AFF139D}"
EndProject
Global
	GlobalSection(SolutionConfigurationPlatforms) = preSolution
		Debug|Any CPU = Debug|Any CPU
		Release|Any CPU = Release|Any CPU
	EndGlobalSection
	GlobalSection(ProjectConfigurationPlatforms) = postSolution
		{888A3E6F-1F15-41FA-8063-78BA4953E13A}.Debug|Any CPU.ActiveCfg = Debug|Any CPU
		{888A3E6F-1F15-41FA-8063-78BA4953E13A}.Debug|Any CPU.Build.0 = Debug|Any CPU
		{888A3E6F-1F15-41FA-8063-78BA4953E13A}.Release|Any CPU.ActiveCfg = Release|Any CPU
		{888A3E6F-1F15-41FA-8063-78BA4953E13A}.Release|Any CPU.Build.0 = Release|Any CPU
		{906F74A1-DDCA-431F-9275-BF416AFF139D}.Debug|Any CPU.ActiveCfg = Debug|Any CPU
		{906F74A1-DDCA-431F-9275-BF416AFF139D}.Debug|Any CPU.Build.0 = Debug|Any CPU
		{906F74A1-DDCA-431F-9275-BF416AFF139D}.Release|Any CPU.ActiveCfg = Release|Any CPU
		{906F74A1-DDCA-431F-9275-BF416AFF139D}.Release|Any CPU.Build.0 = Release|Any CPU
	EndGlobalSection
	GlobalSection(SolutionProperties) = preSolution
		HideSolutionNode = FALSE
	EndGlobalSection
	GlobalSection(ExtensibilityGlobals) = postSolution
		SolutionGuid = {1A9DA441-8D4B-4237-A8B6-0261E9B96AD5}
	EndGlobalSection
EndGlobal
